// !$*UTF8*$!
{
	archiveVersion = 1;
	classes = {
	};
	objectVersion = 46;
	objects = {

/* Begin PBXBuildFile section */
		A55D423E1AB3DFF90048DFCC /* main.m in Sources */ = {isa = PBXBuildFile; fileRef = A55D423D1AB3DFF90048DFCC /* main.m */; };
		A55D42411AB3DFF90048DFCC /* AppDelegate.m in Sources */ = {isa = PBXBuildFile; fileRef = A55D42401AB3DFF90048DFCC /* AppDelegate.m */; };
		A55D42441AB3DFF90048DFCC /* ViewController.m in Sources */ = {isa = PBXBuildFile; fileRef = A55D42431AB3DFF90048DFCC /* ViewController.m */; };
		A55D42471AB3DFF90048DFCC /* Main.storyboard in Resources */ = {isa = PBXBuildFile; fileRef = A55D42451AB3DFF90048DFCC /* Main.storyboard */; };
		A55D42491AB3DFF90048DFCC /* Images.xcassets in Resources */ = {isa = PBXBuildFile; fileRef = A55D42481AB3DFF90048DFCC /* Images.xcassets */; };
		A55D424C1AB3DFF90048DFCC /* LaunchScreen.xib in Resources */ = {isa = PBXBuildFile; fileRef = A55D424A1AB3DFF90048DFCC /* LaunchScreen.xib */; };
		A55D42581AB3DFF90048DFCC /* pre_course_gitTests.m in Sources */ = {isa = PBXBuildFile; fileRef = A55D42571AB3DFF90048DFCC /* pre_course_gitTests.m */; };
/* End PBXBuildFile section */

/* Begin PBXContainerItemProxy section */
		A55D42521AB3DFF90048DFCC /* PBXContainerItemProxy */ = {
			isa = PBXContainerItemProxy;
			containerPortal = A55D42301AB3DFF90048DFCC /* Project object */;
			proxyType = 1;
			remoteGlobalIDString = A55D42371AB3DFF90048DFCC;
			remoteInfo = "pre-course-git";
		};
/* End PBXContainerItemProxy section */

/* Begin PBXFileReference section */
		A55D42381AB3DFF90048DFCC /* pre-course-git.app */ = {isa = PBXFileReference; explicitFileType = wrapper.application; includeInIndex = 0; path = "pre-course-git.app"; sourceTree = BUILT_PRODUCTS_DIR; };
		A55D423C1AB3DFF90048DFCC /* Info.plist */ = {isa = PBXFileReference; lastKnownFileType = text.plist.xml; path = Info.plist; sourceTree = "<group>"; };
		A55D423D1AB3DFF90048DFCC /* main.m */ = {isa = PBXFileReference; lastKnownFileType = sourcecode.c.objc; path = main.m; sourceTree = "<group>"; };
		A55D423F1AB3DFF90048DFCC /* AppDelegate.h */ = {isa = PBXFileReference; lastKnownFileType = sourcecode.c.h; path = AppDelegate.h; sourceTree = "<group>"; };
		A55D42401AB3DFF90048DFCC /* AppDelegate.m */ = {isa = PBXFileReference; lastKnownFileType = sourcecode.c.objc; path = AppDelegate.m; sourceTree = "<group>"; };
		A55D42421AB3DFF90048DFCC /* ViewController.h */ = {isa = PBXFileReference; lastKnownFileType = sourcecode.c.h; path = ViewController.h; sourceTree = "<group>"; };
		A55D42431AB3DFF90048DFCC /* ViewController.m */ = {isa = PBXFileReference; lastKnownFileType = sourcecode.c.objc; path = ViewController.m; sourceTree = "<group>"; };
		A55D42461AB3DFF90048DFCC /* Base */ = {isa = PBXFileReference; lastKnownFileType = file.storyboard; name = Base; path = Base.lproj/Main.storyboard; sourceTree = "<group>"; };
		A55D42481AB3DFF90048DFCC /* Images.xcassets */ = {isa = PBXFileReference; lastKnownFileType = folder.assetcatalog; path = Images.xcassets; sourceTree = "<group>"; };
		A55D424B1AB3DFF90048DFCC /* Base */ = {isa = PBXFileReference; lastKnownFileType = file.xib; name = Base; path = Base.lproj/LaunchScreen.xib; sourceTree = "<group>"; };
		A55D42511AB3DFF90048DFCC /* pre-course-gitTests.xctest */ = {isa = PBXFileReference; explicitFileType = wrapper.cfbundle; includeInIndex = 0; path = "pre-course-gitTests.xctest"; sourceTree = BUILT_PRODUCTS_DIR; };
		A55D42561AB3DFF90048DFCC /* Info.plist */ = {isa = PBXFileReference; lastKnownFileType = text.plist.xml; path = Info.plist; sourceTree = "<group>"; };
		A55D42571AB3DFF90048DFCC /* pre_course_gitTests.m */ = {isa = PBXFileReference; lastKnownFileType = sourcecode.c.objc; path = pre_course_gitTests.m; sourceTree = "<group>"; };
/* End PBXFileReference section */

/* Begin PBXFrameworksBuildPhase section */
		A55D42351AB3DFF90048DFCC /* Frameworks */ = {
			isa = PBXFrameworksBuildPhase;
			buildActionMask = 2147483647;
			files = (
			);
			runOnlyForDeploymentPostprocessing = 0;
		};
		A55D424E1AB3DFF90048DFCC /* Frameworks */ = {
			isa = PBXFrameworksBuildPhase;
			buildActionMask = 2147483647;
			files = (
			);
			runOnlyForDeploymentPostprocessing = 0;
		};
/* End PBXFrameworksBuildPhase section */

/* Begin PBXGroup section */
		A55D422F1AB3DFF90048DFCC = {
			isa = PBXGroup;
			children = (
				A55D423A1AB3DFF90048DFCC /* pre-course-git */,
				A55D42541AB3DFF90048DFCC /* pre-course-gitTests */,
				A55D42391AB3DFF90048DFCC /* Products */,
			);
			sourceTree = "<group>";
		};
		A55D42391AB3DFF90048DFCC /* Products */ = {
			isa = PBXGroup;
			children = (
				A55D42381AB3DFF90048DFCC /* pre-course-git.app */,
				A55D42511AB3DFF90048DFCC /* pre-course-gitTests.xctest */,
			);
			name = Products;
			sourceTree = "<group>";
		};
		A55D423A1AB3DFF90048DFCC /* pre-course-git */ = {
			isa = PBXGroup;
			children = (
				A55D423F1AB3DFF90048DFCC /* AppDelegate.h */,
				A55D42401AB3DFF90048DFCC /* AppDelegate.m */,
				A55D42421AB3DFF90048DFCC /* ViewController.h */,
				A55D42431AB3DFF90048DFCC /* ViewController.m */,
				A55D42451AB3DFF90048DFCC /* Main.storyboard */,
				A55D42481AB3DFF90048DFCC /* Images.xcassets */,
				A55D424A1AB3DFF90048DFCC /* LaunchScreen.xib */,
				A55D423B1AB3DFF90048DFCC /* Supporting Files */,
			);
			path = "pre-course-git";
			sourceTree = "<group>";
		};
		A55D423B1AB3DFF90048DFCC /* Supporting Files */ = {
			isa = PBXGroup;
			children = (
				A55D423C1AB3DFF90048DFCC /* Info.plist */,
				A55D423D1AB3DFF90048DFCC /* main.m */,
			);
			name = "Supporting Files";
			sourceTree = "<group>";
		};
		A55D42541AB3DFF90048DFCC /* pre-course-gitTests */ = {
			isa = PBXGroup;
			children = (
				A55D42571AB3DFF90048DFCC /* pre_course_gitTests.m */,
				A55D42551AB3DFF90048DFCC /* Supporting Files */,
			);
			path = "pre-course-gitTests";
			sourceTree = "<group>";
		};
		A55D42551AB3DFF90048DFCC /* Supporting Files */ = {
			isa = PBXGroup;
			children = (
				A55D42561AB3DFF90048DFCC /* Info.plist */,
			);
			name = "Supporting Files";
			sourceTree = "<group>";
		};
/* End PBXGroup section */

/* Begin PBXNativeTarget section */
		A55D42371AB3DFF90048DFCC /* pre-course-git */ = {
			isa = PBXNativeTarget;
			buildConfigurationList = A55D425B1AB3DFF90048DFCC /* Build configuration list for PBXNativeTarget "pre-course-git" */;
			buildPhases = (
				A55D42341AB3DFF90048DFCC /* Sources */,
				A55D42351AB3DFF90048DFCC /* Frameworks */,
				A55D42361AB3DFF90048DFCC /* Resources */,
			);
			buildRules = (
			);
			dependencies = (
			);
			name = "pre-course-git";
			productName = "pre-course-git";
			productReference = A55D42381AB3DFF90048DFCC /* pre-course-git.app */;
			productType = "com.apple.product-type.application";
		};
		A55D42501AB3DFF90048DFCC /* pre-course-gitTests */ = {
			isa = PBXNativeTarget;
			buildConfigurationList = A55D425E1AB3DFF90048DFCC /* Build configuration list for PBXNativeTarget "pre-course-gitTests" */;
			buildPhases = (
				A55D424D1AB3DFF90048DFCC /* Sources */,
				A55D424E1AB3DFF90048DFCC /* Frameworks */,
				A55D424F1AB3DFF90048DFCC /* Resources */,
			);
			buildRules = (
			);
			dependencies = (
				A55D42531AB3DFF90048DFCC /* PBXTargetDependency */,
			);
			name = "pre-course-gitTests";
			productName = "pre-course-gitTests";
			productReference = A55D42511AB3DFF90048DFCC /* pre-course-gitTests.xctest */;
			productType = "com.apple.product-type.bundle.unit-test";
		};
/* End PBXNativeTarget section */

/* Begin PBXProject section */
		A55D42301AB3DFF90048DFCC /* Project object */ = {
			isa = PBXProject;
			attributes = {
				LastUpgradeCheck = 0620;
				ORGANIZATIONNAME = DevMountain;
				TargetAttributes = {
					A55D42371AB3DFF90048DFCC = {
						CreatedOnToolsVersion = 6.2;
					};
					A55D42501AB3DFF90048DFCC = {
						CreatedOnToolsVersion = 6.2;
						TestTargetID = A55D42371AB3DFF90048DFCC;
					};
				};
			};
			buildConfigurationList = A55D42331AB3DFF90048DFCC /* Build configuration list for PBXProject "pre-course-git" */;
			compatibilityVersion = "Xcode 3.2";
			developmentRegion = English;
			hasScannedForEncodings = 0;
			knownRegions = (
				en,
				Base,
			);
			mainGroup = A55D422F1AB3DFF90048DFCC;
			productRefGroup = A55D42391AB3DFF90048DFCC /* Products */;
			projectDirPath = "";
			projectRoot = "";
			targets = (
				A55D42371AB3DFF90048DFCC /* pre-course-git */,
				A55D42501AB3DFF90048DFCC /* pre-course-gitTests */,
			);
		};
/* End PBXProject section */

/* Begin PBXResourcesBuildPhase section */
		A55D42361AB3DFF90048DFCC /* Resources */ = {
			isa = PBXResourcesBuildPhase;
			buildActionMask = 2147483647;
			files = (
				A55D42471AB3DFF90048DFCC /* Main.storyboard in Resources */,
				A55D424C1AB3DFF90048DFCC /* LaunchScreen.xib in Resources */,
				A55D42491AB3DFF90048DFCC /* Images.xcassets in Resources */,
			);
			runOnlyForDeploymentPostprocessing = 0;
		};
		A55D424F1AB3DFF90048DFCC /* Resources */ = {
			isa = PBXResourcesBuildPhase;
			buildActionMask = 2147483647;
			files = (
			);
			runOnlyForDeploymentPostprocessing = 0;
		};
/* End PBXResourcesBuildPhase section */

/* Begin PBXSourcesBuildPhase section */
		A55D42341AB3DFF90048DFCC /* Sources */ = {
			isa = PBXSourcesBuildPhase;
			buildActionMask = 2147483647;
			files = (
				A55D42441AB3DFF90048DFCC /* ViewController.m in Sources */,
				A55D42411AB3DFF90048DFCC /* AppDelegate.m in Sources */,
				A55D423E1AB3DFF90048DFCC /* main.m in Sources */,
			);
			runOnlyForDeploymentPostprocessing = 0;
		};
		A55D424D1AB3DFF90048DFCC /* Sources */ = {
			isa = PBXSourcesBuildPhase;
			buildActionMask = 2147483647;
			files = (
				A55D42581AB3DFF90048DFCC /* pre_course_gitTests.m in Sources */,
			);
			runOnlyForDeploymentPostprocessing = 0;
		};
/* End PBXSourcesBuildPhase section */

/* Begin PBXTargetDependency section */
		A55D42531AB3DFF90048DFCC /* PBXTargetDependency */ = {
			isa = PBXTargetDependency;
			target = A55D42371AB3DFF90048DFCC /* pre-course-git */;
			targetProxy = A55D42521AB3DFF90048DFCC /* PBXContainerItemProxy */;
		};
/* End PBXTargetDependency section */

/* Begin PBXVariantGroup section */
		A55D42451AB3DFF90048DFCC /* Main.storyboard */ = {
			isa = PBXVariantGroup;
			children = (
				A55D42461AB3DFF90048DFCC /* Base */,
			);
			name = Main.storyboard;
			sourceTree = "<group>";
		};
		A55D424A1AB3DFF90048DFCC /* LaunchScreen.xib */ = {
			isa = PBXVariantGroup;
			children = (
				A55D424B1AB3DFF90048DFCC /* Base */,
			);
			name = LaunchScreen.xib;
			sourceTree = "<group>";
		};
/* End PBXVariantGroup section */

/* Begin XCBuildConfiguration section */
		A55D42591AB3DFF90048DFCC /* Debug */ = {
			isa = XCBuildConfiguration;
			buildSettings = {
				ALWAYS_SEARCH_USER_PATHS = NO;
				CLANG_CXX_LANGUAGE_STANDARD = "gnu++0x";
				CLANG_CXX_LIBRARY = "libc++";
				CLANG_ENABLE_MODULES = YES;
				CLANG_ENABLE_OBJC_ARC = YES;
				CLANG_WARN_BOOL_CONVERSION = YES;
				CLANG_WARN_CONSTANT_CONVERSION = YES;
				CLANG_WARN_DIRECT_OBJC_ISA_USAGE = YES_ERROR;
				CLANG_WARN_EMPTY_BODY = YES;
				CLANG_WARN_ENUM_CONVERSION = YES;
				CLANG_WARN_INT_CONVERSION = YES;
				CLANG_WARN_OBJC_ROOT_CLASS = YES_ERROR;
				CLANG_WARN_UNREACHABLE_CODE = YES;
				CLANG_WARN__DUPLICATE_METHOD_MATCH = YES;
				"CODE_SIGN_IDENTITY[sdk=iphoneos*]" = "iPhone Developer";
				COPY_PHASE_STRIP = NO;
				ENABLE_STRICT_OBJC_MSGSEND = YES;
				GCC_C_LANGUAGE_STANDARD = gnu99;
				GCC_DYNAMIC_NO_PIC = NO;
				GCC_OPTIMIZATION_LEVEL = 0;
				GCC_PREPROCESSOR_DEFINITIONS = (
					"DEBUG=1",
					"$(inherited)",
				);
				GCC_SYMBOLS_PRIVATE_EXTERN = NO;
				GCC_WARN_64_TO_32_BIT_CONVERSION = YES;
				GCC_WARN_ABOUT_RETURN_TYPE = YES_ERROR;
				GCC_WARN_UNDECLARED_SELECTOR = YES;
				GCC_WARN_UNINITIALIZED_AUTOS = YES_AGGRESSIVE;
				GCC_WARN_UNUSED_FUNCTION = YES;
				GCC_WARN_UNUSED_VARIABLE = YES;
				IPHONEOS_DEPLOYMENT_TARGET = 8.2;
				MTL_ENABLE_DEBUG_INFO = YES;
				ONLY_ACTIVE_ARCH = YES;
				SDKROOT = iphoneos;
			};
			name = Debug;
		};
		A55D425A1AB3DFF90048DFCC /* Release */ = {
			isa = XCBuildConfiguration;
			buildSettings = {
				ALWAYS_SEARCH_USER_PATHS = NO;
				CLANG_CXX_LANGUAGE_STANDARD = "gnu++0x";
				CLANG_CXX_LIBRARY = "libc++";
				CLANG_ENABLE_MODULES = YES;
				CLANG_ENABLE_OBJC_ARC = YES;
				CLANG_WARN_BOOL_CONVERSION = YES;
				CLANG_WARN_CONSTANT_CONVERSION = YES;
				CLANG_WARN_DIRECT_OBJC_ISA_USAGE = YES_ERROR;
				CLANG_WARN_EMPTY_BODY = YES;
				CLANG_WARN_ENUM_CONVERSION = YES;
				CLANG_WARN_INT_CONVERSION = YES;
				CLANG_WARN_OBJC_ROOT_CLASS = YES_ERROR;
				CLANG_WARN_UNREACHABLE_CODE = YES;
				CLANG_WARN__DUPLICATE_METHOD_MATCH = YES;
				"CODE_SIGN_IDENTITY[sdk=iphoneos*]" = "iPhone Developer";
				COPY_PHASE_STRIP = NO;
				ENABLE_NS_ASSERTIONS = NO;
				ENABLE_STRICT_OBJC_MSGSEND = YES;
				GCC_C_LANGUAGE_STANDARD = gnu99;
				GCC_WARN_64_TO_32_BIT_CONVERSION = YES;
				GCC_WARN_ABOUT_RETURN_TYPE = YES_ERROR;
				GCC_WARN_UNDECLARED_SELECTOR = YES;
				GCC_WARN_UNINITIALIZED_AUTOS = YES_AGGRESSIVE;
				GCC_WARN_UNUSED_FUNCTION = YES;
				GCC_WARN_UNUSED_VARIABLE = YES;
				IPHONEOS_DEPLOYMENT_TARGET = 8.2;
				MTL_ENABLE_DEBUG_INFO = NO;
				SDKROOT = iphoneos;
				VALIDATE_PRODUCT = YES;
			};
			name = Release;
		};
		A55D425C1AB3DFF90048DFCC /* Debug */ = {
			isa = XCBuildConfiguration;
			buildSettings = {
				ASSETCATALOG_COMPILER_APPICON_NAME = AppIcon;
				INFOPLIST_FILE = "pre-course-git/Info.plist";
				LD_RUNPATH_SEARCH_PATHS = "$(inherited) @executable_path/Frameworks";
				PRODUCT_NAME = "$(TARGET_NAME)";
			};
			name = Debug;
		};
		A55D425D1AB3DFF90048DFCC /* Release */ = {
			isa = XCBuildConfiguration;
			buildSettings = {
				ASSETCATALOG_COMPILER_APPICON_NAME = AppIcon;
				INFOPLIST_FILE = "pre-course-git/Info.plist";
				LD_RUNPATH_SEARCH_PATHS = "$(inherited) @executable_path/Frameworks";
				PRODUCT_NAME = "$(TARGET_NAME)";
			};
			name = Release;
		};
		A55D425F1AB3DFF90048DFCC /* Debug */ = {
			isa = XCBuildConfiguration;
			buildSettings = {
				BUNDLE_LOADER = "$(TEST_HOST)";
				FRAMEWORK_SEARCH_PATHS = (
					"$(SDKROOT)/Developer/Library/Frameworks",
					"$(inherited)",
				);
				GCC_PREPROCESSOR_DEFINITIONS = (
					"DEBUG=1",
					"$(inherited)",
				);
				INFOPLIST_FILE = "pre-course-gitTests/Info.plist";
				LD_RUNPATH_SEARCH_PATHS = "$(inherited) @executable_path/Frameworks @loader_path/Frameworks";
				PRODUCT_NAME = "$(TARGET_NAME)";
				TEST_HOST = "$(BUILT_PRODUCTS_DIR)/pre-course-git.app/pre-course-git";
			};
			name = Debug;
		};
		A55D42601AB3DFF90048DFCC /* Release */ = {
			isa = XCBuildConfiguration;
			buildSettings = {
				BUNDLE_LOADER = "$(TEST_HOST)";
				FRAMEWORK_SEARCH_PATHS = (
					"$(SDKROOT)/Developer/Library/Frameworks",
					"$(inherited)",
				);
				INFOPLIST_FILE = "pre-course-gitTests/Info.plist";
				LD_RUNPATH_SEARCH_PATHS = "$(inherited) @executable_path/Frameworks @loader_path/Frameworks";
				PRODUCT_NAME = "$(TARGET_NAME)";
				TEST_HOST = "$(BUILT_PRODUCTS_DIR)/pre-course-git.app/pre-course-git";
			};
			name = Release;
		};
/* End XCBuildConfiguration section */

/* Begin XCConfigurationList section */
		A55D42331AB3DFF90048DFCC /* Build configuration list for PBXProject "pre-course-git" */ = {
			isa = XCConfigurationList;
			buildConfigurations = (
				A55D42591AB3DFF90048DFCC /* Debug */,
				A55D425A1AB3DFF90048DFCC /* Release */,
			);
			defaultConfigurationIsVisible = 0;
			defaultConfigurationName = Release;
		};
		A55D425B1AB3DFF90048DFCC /* Build configuration list for PBXNativeTarget "pre-course-git" */ = {
			isa = XCConfigurationList;
			buildConfigurations = (
				A55D425C1AB3DFF90048DFCC /* Debug */,
				A55D425D1AB3DFF90048DFCC /* Release */,
			);
			defaultConfigurationIsVisible = 0;
		};
		A55D425E1AB3DFF90048DFCC /* Build configuration list for PBXNativeTarget "pre-course-gitTests" */ = {
			isa = XCConfigurationList;
			buildConfigurations = (
				A55D425F1AB3DFF90048DFCC /* Debug */,
				A55D42601AB3DFF90048DFCC /* Release */,
			);
			defaultConfigurationIsVisible = 0;
		};
/* End XCConfigurationList section */
	};
	rootObject = A55D42301AB3DFF90048DFCC /* Project object */;
}
